
Microsoft Visual Studio Solution File, Format Version 12.00
# Visual Studio Version 17
VisualStudioVersion = 17.11.35303.130
MinimumVisualStudioVersion = 10.0.40219.1
Project("{9A19103F-16F7-4668-BE54-9A1E7A4F7556}") = "Dino.ForumApp.WebApiApplication", "Dino.ForumApp.WebApiApplication\Dino.ForumApp.WebApiApplication.csproj", "{DB861B82-2B2D-4525-8F70-0C8C572DDC57}"
EndProject
Project("{9A19103F-16F7-4668-BE54-9A1E7A4F7556}") = "Dino.ForumApp.Api", "Dino.ForumApp.Api\Dino.ForumApp.Api.csproj", "{2FBFFFAA-5F7F-4B65-A8F9-42E0A5687ACF}"
EndProject
Project("{9A19103F-16F7-4668-BE54-9A1E7A4F7556}") = "Dino.ForumApp.Application", "Dino.ForumApp.Application\Dino.ForumApp.Application.csproj", "{E5AE2B59-074F-42D6-B406-14669D90481A}"
EndProject
Project("{9A19103F-16F7-4668-BE54-9A1E7A4F7556}") = "Dino.ForumApp.DataAccess", "Dino.ForumApp.DataAccess\Dino.ForumApp.DataAccess.csproj", "{B29AC234-AB25-448E-A700-757C3E091B27}"
EndProject
Project("{9A19103F-16F7-4668-BE54-9A1E7A4F7556}") = "Dino.ForumApp.Domain", "Dino.ForumApp.Domain\Dino.ForumApp.Domain.csproj", "{AE2C4131-6235-48A2-99E3-76B23EE59C24}"
EndProject
Project("{9A19103F-16F7-4668-BE54-9A1E7A4F7556}") = "Dino.ForumApp.Infrastructure", "Dino.ForumApp.Infrastructure\Dino.ForumApp.Infrastructure.csproj", "{8D2A99F8-107D-42A4-9ACE-B2E1896202F1}"
EndProject
Project("{2150E333-8FDC-42A3-9474-1A3956D46DE8}") = "Solution Items", "Solution Items", "{FB8F867C-5D3A-44EC-BE1C-36DC51485AF0}"
	ProjectSection(SolutionItems) = preProject
		.gitignore = .gitignore
	EndProjectSection
EndProject
Global
	GlobalSection(SolutionConfigurationPlatforms) = preSolution
		Debug|Any CPU = Debug|Any CPU
		Release|Any CPU = Release|Any CPU
	EndGlobalSection
	GlobalSection(ProjectConfigurationPlatforms) = postSolution
		{DB861B82-2B2D-4525-8F70-0C8C572DDC57}.Debug|Any CPU.ActiveCfg = Debug|Any CPU
		{DB861B82-2B2D-4525-8F70-0C8C572DDC57}.Debug|Any CPU.Build.0 = Debug|Any CPU
		{DB861B82-2B2D-4525-8F70-0C8C572DDC57}.Release|Any CPU.ActiveCfg = Release|Any CPU
		{DB861B82-2B2D-4525-8F70-0C8C572DDC57}.Release|Any CPU.Build.0 = Release|Any CPU
		{2FBFFFAA-5F7F-4B65-A8F9-42E0A5687ACF}.Debug|Any CPU.ActiveCfg = Debug|Any CPU
		{2FBFFFAA-5F7F-4B65-A8F9-42E0A5687ACF}.Debug|Any CPU.Build.0 = Debug|Any CPU
		{2FBFFFAA-5F7F-4B65-A8F9-42E0A5687ACF}.Release|Any CPU.ActiveCfg = Release|Any CPU
		{2FBFFFAA-5F7F-4B65-A8F9-42E0A5687ACF}.Release|Any CPU.Build.0 = Release|Any CPU
		{E5AE2B59-074F-42D6-B406-14669D90481A}.Debug|Any CPU.ActiveCfg = Debug|Any CPU
		{E5AE2B59-074F-42D6-B406-14669D90481A}.Debug|Any CPU.Build.0 = Debug|Any CPU
		{E5AE2B59-074F-42D6-B406-14669D90481A}.Release|Any CPU.ActiveCfg = Release|Any CPU
		{E5AE2B59-074F-42D6-B406-14669D90481A}.Release|Any CPU.Build.0 = Release|Any CPU
		{B29AC234-AB25-448E-A700-757C3E091B27}.Debug|Any CPU.ActiveCfg = Debug|Any CPU
		{B29AC234-AB25-448E-A700-757C3E091B27}.Debug|Any CPU.Build.0 = Debug|Any CPU
		{B29AC234-AB25-448E-A700-757C3E091B27}.Release|Any CPU.ActiveCfg = Release|Any CPU
		{B29AC234-AB25-448E-A700-757C3E091B27}.Release|Any CPU.Build.0 = Release|Any CPU
		{AE2C4131-6235-48A2-99E3-76B23EE59C24}.Debug|Any CPU.ActiveCfg = Debug|Any CPU
		{AE2C4131-6235-48A2-99E3-76B23EE59C24}.Debug|Any CPU.Build.0 = Debug|Any CPU
		{AE2C4131-6235-48A2-99E3-76B23EE59C24}.Release|Any CPU.ActiveCfg = Release|Any CPU
		{AE2C4131-6235-48A2-99E3-76B23EE59C24}.Release|Any CPU.Build.0 = Release|Any CPU
		{8D2A99F8-107D-42A4-9ACE-B2E1896202F1}.Debug|Any CPU.ActiveCfg = Debug|Any CPU
		{8D2A99F8-107D-42A4-9ACE-B2E1896202F1}.Debug|Any CPU.Build.0 = Debug|Any CPU
		{8D2A99F8-107D-42A4-9ACE-B2E1896202F1}.Release|Any CPU.ActiveCfg = Release|Any CPU
		{8D2A99F8-107D-42A4-9ACE-B2E1896202F1}.Release|Any CPU.Build.0 = Release|Any CPU
	EndGlobalSection
	GlobalSection(SolutionProperties) = preSolution
		HideSolutionNode = FALSE
	EndGlobalSection
	GlobalSection(ExtensibilityGlobals) = postSolution
		SolutionGuid = {7A1A17B5-8E07-4623-8CEF-83300F8964E6}
	EndGlobalSection
EndGlobal
